
Microsoft Visual Studio Solution File, Format Version 12.00
# Visual Studio 15
VisualStudioVersion = 15.0.28307.168
MinimumVisualStudioVersion = 10.0.40219.1
Project("{FAE04EC0-301F-11D3-BF4B-00C04F79EFBC}") = "ECommerceApp7", "ECommerceApp7\ECommerceApp7.csproj", "{DEAC9E8C-39C4-4679-87CA-B9878D047B3C}"
EndProject
Project("{FAE04EC0-301F-11D3-BF4B-00C04F79EFBC}") = "ECommerceApp7.Tests", "ECommerceApp7.Tests\ECommerceApp7.Tests.csproj", "{8517F6BC-A8A1-4F6F-A0B2-8773C8FDC6FA}"
EndProject
Global
	GlobalSection(SolutionConfigurationPlatforms) = preSolution
		Debug|Any CPU = Debug|Any CPU
		Release|Any CPU = Release|Any CPU
	EndGlobalSection
	GlobalSection(ProjectConfigurationPlatforms) = postSolution
		{DEAC9E8C-39C4-4679-87CA-B9878D047B3C}.Debug|Any CPU.ActiveCfg = Debug|Any CPU
		{DEAC9E8C-39C4-4679-87CA-B9878D047B3C}.Debug|Any CPU.Build.0 = Debug|Any CPU
		{DEAC9E8C-39C4-4679-87CA-B9878D047B3C}.Release|Any CPU.ActiveCfg = Release|Any CPU
		{DEAC9E8C-39C4-4679-87CA-B9878D047B3C}.Release|Any CPU.Build.0 = Release|Any CPU
		{8517F6BC-A8A1-4F6F-A0B2-8773C8FDC6FA}.Debug|Any CPU.ActiveCfg = Debug|Any CPU
		{8517F6BC-A8A1-4F6F-A0B2-8773C8FDC6FA}.Debug|Any CPU.Build.0 = Debug|Any CPU
		{8517F6BC-A8A1-4F6F-A0B2-8773C8FDC6FA}.Release|Any CPU.ActiveCfg = Release|Any CPU
		{8517F6BC-A8A1-4F6F-A0B2-8773C8FDC6FA}.Release|Any CPU.Build.0 = Release|Any CPU
	EndGlobalSection
	GlobalSection(SolutionProperties) = preSolution
		HideSolutionNode = FALSE
	EndGlobalSection
	GlobalSection(ExtensibilityGlobals) = postSolution
		SolutionGuid = {19BA666A-81B7-4062-A011-54B6B015B306}
	EndGlobalSection
EndGlobal
